Microsoft Visual Studio Solution File, Format Version 12.00
# Visual Studio 2012
Project("{FAE04EC0-301F-11D3-BF4B-00C04F79EFBC}") = "PocketSharp.Tests", "PocketSharp.Tests\PocketSharp.Tests.csproj", "{F1CEA363-7039-40BA-9744-0071F46BB90C}"
EndProject
Project("{FAE04EC0-301F-11D3-BF4B-00C04F79EFBC}") = "PocketSharp", "PocketSharp\PocketSharp.csproj", "{817200C3-A327-4E35-9B5F-63A51C088577}"
EndProject
Project("{FAE04EC0-301F-11D3-BF4B-00C04F79EFBC}") = "PocketSharp.Wpf", "PocketSharp.Examples\PocketSharp.Wpf\PocketSharp.Wpf.csproj", "{775569C2-987F-4AC4-8BA5-A315A21ED1B7}"
	ProjectSection(ProjectDependencies) = postProject
		{817200C3-A327-4E35-9B5F-63A51C088577} = {817200C3-A327-4E35-9B5F-63A51C088577}
	EndProjectSection
EndProject
Project("{2150E333-8FDC-42A3-9474-1A3956D46DE8}") = "PocketSharp.Examples", "PocketSharp.Examples", "{AFD4E3F1-B23C-4924-BA5B-D917FBADB8FA}"
EndProject
Global
	GlobalSection(SolutionConfigurationPlatforms) = preSolution
		Debug|Any CPU = Debug|Any CPU
		Release|Any CPU = Release|Any CPU
	EndGlobalSection
	GlobalSection(ProjectConfigurationPlatforms) = postSolution
		{F1CEA363-7039-40BA-9744-0071F46BB90C}.Debug|Any CPU.ActiveCfg = Debug|Any CPU
		{F1CEA363-7039-40BA-9744-0071F46BB90C}.Debug|Any CPU.Build.0 = Debug|Any CPU
		{F1CEA363-7039-40BA-9744-0071F46BB90C}.Release|Any CPU.ActiveCfg = Release|Any CPU
		{F1CEA363-7039-40BA-9744-0071F46BB90C}.Release|Any CPU.Build.0 = Release|Any CPU
		{817200C3-A327-4E35-9B5F-63A51C088577}.Debug|Any CPU.ActiveCfg = Debug|Any CPU
		{817200C3-A327-4E35-9B5F-63A51C088577}.Debug|Any CPU.Build.0 = Debug|Any CPU
		{817200C3-A327-4E35-9B5F-63A51C088577}.Release|Any CPU.ActiveCfg = Release|Any CPU
		{817200C3-A327-4E35-9B5F-63A51C088577}.Release|Any CPU.Build.0 = Release|Any CPU
		{775569C2-987F-4AC4-8BA5-A315A21ED1B7}.Debug|Any CPU.ActiveCfg = Debug|Any CPU
		{775569C2-987F-4AC4-8BA5-A315A21ED1B7}.Debug|Any CPU.Build.0 = Debug|Any CPU
		{775569C2-987F-4AC4-8BA5-A315A21ED1B7}.Release|Any CPU.ActiveCfg = Release|Any CPU
		{775569C2-987F-4AC4-8BA5-A315A21ED1B7}.Release|Any CPU.Build.0 = Release|Any CPU
	EndGlobalSection
	GlobalSection(SolutionProperties) = preSolution
		HideSolutionNode = FALSE
	EndGlobalSection
	GlobalSection(NestedProjects) = preSolution
		{775569C2-987F-4AC4-8BA5-A315A21ED1B7} = {AFD4E3F1-B23C-4924-BA5B-D917FBADB8FA}
	EndGlobalSection
EndGlobal
