Microsoft Visual Studio Solution File, Format Version 12.00
# Visual Studio 15
VisualStudioVersion = 15.0.27130.2027
MinimumVisualStudioVersion = 10.0.40219.1
Project("{2150E333-8FDC-42A3-9474-1A3956D46DE8}") = "PocketSharp.Examples", "PocketSharp.Examples", "{AFD4E3F1-B23C-4924-BA5B-D917FBADB8FA}"
EndProject
Project("{2150E333-8FDC-42A3-9474-1A3956D46DE8}") = ".nuget", ".nuget", "{19DD45B5-B849-49E7-89D6-16C89B9B96C7}"
	ProjectSection(SolutionItems) = preProject
		.nuget\NuGet.Config = .nuget\NuGet.Config
		.nuget\NuGet.exe = .nuget\NuGet.exe
		.nuget\NuGet.targets = .nuget\NuGet.targets
	EndProjectSection
EndProject
Project("{FAE04EC0-301F-11D3-BF4B-00C04F79EFBC}") = "PocketSharp.UWP", "PocketSharp.Examples\PocketSharp.UWP\PocketSharp.UWP.csproj", "{5CBB92EC-C1A2-4108-9A23-3B73DD138953}"
EndProject
Project("{9A19103F-16F7-4668-BE54-9A1E7A4F7556}") = "PocketSharp", "PocketSharp\PocketSharp.csproj", "{0E22926C-7244-4A17-923C-84B46F5149C0}"
EndProject
Project("{9A19103F-16F7-4668-BE54-9A1E7A4F7556}") = "PocketSharp.Tests", "PocketSharp.Tests\PocketSharp.Tests.csproj", "{3BAA93AD-3B5C-47C4-816B-F29A1E6D1C2D}"
EndProject
Global
	GlobalSection(SolutionConfigurationPlatforms) = preSolution
		Debug|Any CPU = Debug|Any CPU
		Debug|ARM = Debug|ARM
		Debug|x64 = Debug|x64
		Debug|x86 = Debug|x86
		Release|Any CPU = Release|Any CPU
		Release|ARM = Release|ARM
		Release|x64 = Release|x64
		Release|x86 = Release|x86
	EndGlobalSection
	GlobalSection(ProjectConfigurationPlatforms) = postSolution
		{5CBB92EC-C1A2-4108-9A23-3B73DD138953}.Debug|Any CPU.ActiveCfg = Debug|x86
		{5CBB92EC-C1A2-4108-9A23-3B73DD138953}.Debug|Any CPU.Build.0 = Debug|x86
		{5CBB92EC-C1A2-4108-9A23-3B73DD138953}.Debug|Any CPU.Deploy.0 = Debug|x86
		{5CBB92EC-C1A2-4108-9A23-3B73DD138953}.Debug|ARM.ActiveCfg = Debug|ARM
		{5CBB92EC-C1A2-4108-9A23-3B73DD138953}.Debug|ARM.Build.0 = Debug|ARM
		{5CBB92EC-C1A2-4108-9A23-3B73DD138953}.Debug|ARM.Deploy.0 = Debug|ARM
		{5CBB92EC-C1A2-4108-9A23-3B73DD138953}.Debug|x64.ActiveCfg = Debug|x64
		{5CBB92EC-C1A2-4108-9A23-3B73DD138953}.Debug|x64.Build.0 = Debug|x64
		{5CBB92EC-C1A2-4108-9A23-3B73DD138953}.Debug|x64.Deploy.0 = Debug|x64
		{5CBB92EC-C1A2-4108-9A23-3B73DD138953}.Debug|x86.ActiveCfg = Debug|x86
		{5CBB92EC-C1A2-4108-9A23-3B73DD138953}.Debug|x86.Build.0 = Debug|x86
		{5CBB92EC-C1A2-4108-9A23-3B73DD138953}.Debug|x86.Deploy.0 = Debug|x86
		{5CBB92EC-C1A2-4108-9A23-3B73DD138953}.Release|Any CPU.ActiveCfg = Release|x86
		{5CBB92EC-C1A2-4108-9A23-3B73DD138953}.Release|ARM.ActiveCfg = Release|ARM
		{5CBB92EC-C1A2-4108-9A23-3B73DD138953}.Release|ARM.Build.0 = Release|ARM
		{5CBB92EC-C1A2-4108-9A23-3B73DD138953}.Release|ARM.Deploy.0 = Release|ARM
		{5CBB92EC-C1A2-4108-9A23-3B73DD138953}.Release|x64.ActiveCfg = Release|x64
		{5CBB92EC-C1A2-4108-9A23-3B73DD138953}.Release|x64.Build.0 = Release|x64
		{5CBB92EC-C1A2-4108-9A23-3B73DD138953}.Release|x64.Deploy.0 = Release|x64
		{5CBB92EC-C1A2-4108-9A23-3B73DD138953}.Release|x86.ActiveCfg = Release|x86
		{5CBB92EC-C1A2-4108-9A23-3B73DD138953}.Release|x86.Build.0 = Release|x86
		{5CBB92EC-C1A2-4108-9A23-3B73DD138953}.Release|x86.Deploy.0 = Release|x86
		{0E22926C-7244-4A17-923C-84B46F5149C0}.Debug|Any CPU.ActiveCfg = Debug|Any CPU
		{0E22926C-7244-4A17-923C-84B46F5149C0}.Debug|Any CPU.Build.0 = Debug|Any CPU
		{0E22926C-7244-4A17-923C-84B46F5149C0}.Debug|ARM.ActiveCfg = Debug|Any CPU
		{0E22926C-7244-4A17-923C-84B46F5149C0}.Debug|ARM.Build.0 = Debug|Any CPU
		{0E22926C-7244-4A17-923C-84B46F5149C0}.Debug|x64.ActiveCfg = Debug|Any CPU
		{0E22926C-7244-4A17-923C-84B46F5149C0}.Debug|x64.Build.0 = Debug|Any CPU
		{0E22926C-7244-4A17-923C-84B46F5149C0}.Debug|x86.ActiveCfg = Debug|Any CPU
		{0E22926C-7244-4A17-923C-84B46F5149C0}.Debug|x86.Build.0 = Debug|Any CPU
		{0E22926C-7244-4A17-923C-84B46F5149C0}.Release|Any CPU.ActiveCfg = Release|Any CPU
		{0E22926C-7244-4A17-923C-84B46F5149C0}.Release|Any CPU.Build.0 = Release|Any CPU
		{0E22926C-7244-4A17-923C-84B46F5149C0}.Release|ARM.ActiveCfg = Release|Any CPU
		{0E22926C-7244-4A17-923C-84B46F5149C0}.Release|ARM.Build.0 = Release|Any CPU
		{0E22926C-7244-4A17-923C-84B46F5149C0}.Release|x64.ActiveCfg = Release|Any CPU
		{0E22926C-7244-4A17-923C-84B46F5149C0}.Release|x64.Build.0 = Release|Any CPU
		{0E22926C-7244-4A17-923C-84B46F5149C0}.Release|x86.ActiveCfg = Release|Any CPU
		{0E22926C-7244-4A17-923C-84B46F5149C0}.Release|x86.Build.0 = Release|Any CPU
		{3BAA93AD-3B5C-47C4-816B-F29A1E6D1C2D}.Debug|Any CPU.ActiveCfg = Debug|Any CPU
		{3BAA93AD-3B5C-47C4-816B-F29A1E6D1C2D}.Debug|Any CPU.Build.0 = Debug|Any CPU
		{3BAA93AD-3B5C-47C4-816B-F29A1E6D1C2D}.Debug|ARM.ActiveCfg = Debug|Any CPU
		{3BAA93AD-3B5C-47C4-816B-F29A1E6D1C2D}.Debug|ARM.Build.0 = Debug|Any CPU
		{3BAA93AD-3B5C-47C4-816B-F29A1E6D1C2D}.Debug|x64.ActiveCfg = Debug|Any CPU
		{3BAA93AD-3B5C-47C4-816B-F29A1E6D1C2D}.Debug|x64.Build.0 = Debug|Any CPU
		{3BAA93AD-3B5C-47C4-816B-F29A1E6D1C2D}.Debug|x86.ActiveCfg = Debug|Any CPU
		{3BAA93AD-3B5C-47C4-816B-F29A1E6D1C2D}.Debug|x86.Build.0 = Debug|Any CPU
		{3BAA93AD-3B5C-47C4-816B-F29A1E6D1C2D}.Release|Any CPU.ActiveCfg = Release|Any CPU
		{3BAA93AD-3B5C-47C4-816B-F29A1E6D1C2D}.Release|Any CPU.Build.0 = Release|Any CPU
		{3BAA93AD-3B5C-47C4-816B-F29A1E6D1C2D}.Release|ARM.ActiveCfg = Release|Any CPU
		{3BAA93AD-3B5C-47C4-816B-F29A1E6D1C2D}.Release|ARM.Build.0 = Release|Any CPU
		{3BAA93AD-3B5C-47C4-816B-F29A1E6D1C2D}.Release|x64.ActiveCfg = Release|Any CPU
		{3BAA93AD-3B5C-47C4-816B-F29A1E6D1C2D}.Release|x64.Build.0 = Release|Any CPU
		{3BAA93AD-3B5C-47C4-816B-F29A1E6D1C2D}.Release|x86.ActiveCfg = Release|Any CPU
		{3BAA93AD-3B5C-47C4-816B-F29A1E6D1C2D}.Release|x86.Build.0 = Release|Any CPU
	EndGlobalSection
	GlobalSection(SolutionProperties) = preSolution
		HideSolutionNode = FALSE
	EndGlobalSection
	GlobalSection(NestedProjects) = preSolution
		{5CBB92EC-C1A2-4108-9A23-3B73DD138953} = {AFD4E3F1-B23C-4924-BA5B-D917FBADB8FA}
	EndGlobalSection
	GlobalSection(ExtensibilityGlobals) = postSolution
		SolutionGuid = {6B433CE4-D4DE-4360-80A1-DE2DB143DF0D}
	EndGlobalSection
EndGlobal
